# THIS IS AN AUTOGENERATED FILE. DO NOT EDIT THIS FILE DIRECTLY.
# yarn lockfile v1


"@cuww/runtime-env@^1.0.4":
  version "1.0.4"
  resolved "https://registry.yarnpkg.com/@cuww/runtime-env/-/runtime-env-1.0.4.tgz#b8909a7430412c66142ed0ace27f5ebdbb90dfd3"
  integrity sha512-6poYDfxpqK2H90yyJUjN6dSChJgX8/7PSY0JJbgiab/3t0rPQrdGzBiNXIRZPxlfUCm3xiqDf9GGiS5ytn+XwQ==
  dependencies:
    typescript "^5.1.5"

typescript@^5.1.5:
  version "5.1.6"
  resolved "https://registry.yarnpkg.com/typescript/-/typescript-5.1.6.tgz#02f8ac202b6dad2c0dd5e0913745b47a37998274"
  integrity sha512-zaWCozRZ6DLEWAWFrVDz1H6FVXzUSfTy5FUMWsQlU8Ym5JP9eO4xkTIROFCQvhQf61z6O/G6ugw3SgAnvvm+HA==
